
Microsoft Visual Studio Solution File, Format Version 12.00
# Visual Studio Version 16
VisualStudioVersion = 16.0.30503.244
MinimumVisualStudioVersion = 10.0.40219.1
Project("{9A19103F-16F7-4668-BE54-9A1E7A4F7556}") = "Producer", "Producer\Producer.csproj", "{A26E19F7-8895-4EB1-B838-3A81D0DA3BF8}"
EndProject
Project("{FAE04EC0-301F-11D3-BF4B-00C04F79EFBC}") = "Consumer", "Consumer\Consumer.csproj", "{16C90AAA-C32C-47E4-A507-849BC441D0F8}"
EndProject
Global
	GlobalSection(SolutionConfigurationPlatforms) = preSolution
		Debug|Any CPU = Debug|Any CPU
		Release|Any CPU = Release|Any CPU
	EndGlobalSection
	GlobalSection(ProjectConfigurationPlatforms) = postSolution
		{A26E19F7-8895-4EB1-B838-3A81D0DA3BF8}.Debug|Any CPU.ActiveCfg = Debug|Any CPU
		{A26E19F7-8895-4EB1-B838-3A81D0DA3BF8}.Debug|Any CPU.Build.0 = Debug|Any CPU
		{A26E19F7-8895-4EB1-B838-3A81D0DA3BF8}.Release|Any CPU.ActiveCfg = Release|Any CPU
		{A26E19F7-8895-4EB1-B838-3A81D0DA3BF8}.Release|Any CPU.Build.0 = Release|Any CPU
		{16C90AAA-C32C-47E4-A507-849BC441D0F8}.Debug|Any CPU.ActiveCfg = Debug|Any CPU
		{16C90AAA-C32C-47E4-A507-849BC441D0F8}.Debug|Any CPU.Build.0 = Debug|Any CPU
		{16C90AAA-C32C-47E4-A507-849BC441D0F8}.Release|Any CPU.ActiveCfg = Release|Any CPU
		{16C90AAA-C32C-47E4-A507-849BC441D0F8}.Release|Any CPU.Build.0 = Release|Any CPU
	EndGlobalSection
	GlobalSection(SolutionProperties) = preSolution
		HideSolutionNode = FALSE
	EndGlobalSection
	GlobalSection(ExtensibilityGlobals) = postSolution
		SolutionGuid = {B6D43C5E-3A64-44BF-8A88-93D10730F35F}
	EndGlobalSection
EndGlobal
